// !$*UTF8*$!
{
	archiveVersion = 1;
	classes = {
	};
	objectVersion = 77;
	objects = {

/* Begin PBXBuildFile section */
		0E1905DA109C5B1D8BAE428D /* SpellbookUITests.swift in Sources */ = {isa = PBXBuildFile; fileRef = 56ECFE9AB21E46C92D44C6C0 /* SpellbookUITests.swift */; };
		367BD16667E5EC52444760FC /* SpellbookInfrastructure in Frameworks */ = {isa = PBXBuildFile; productRef = 7F781C2D58D4C988231D2357 /* SpellbookInfrastructure */; };
		36E7D8ED0E710A11B73BB23D /* SpellbookCore in Frameworks */ = {isa = PBXBuildFile; productRef = A80700AB6107439FD1E9FC49 /* SpellbookCore */; };
		5FB9F42D103BD83F91934C39 /* SpellbookApp.swift in Sources */ = {isa = PBXBuildFile; fileRef = EB3B095F60D4A249B7938EA6 /* SpellbookApp.swift */; };
		60D80BE10C6D22FA28042432 /* SpellbookUI in Frameworks */ = {isa = PBXBuildFile; productRef = 0E518942315B7035C1407BD2 /* SpellbookUI */; };
		D2DEFEB9F610A8EAF5E0E5B3 /* SpellbookMarkdown in Frameworks */ = {isa = PBXBuildFile; productRef = 55B22ED3AE26FF59DD11B70D /* SpellbookMarkdown */; };
/* End PBXBuildFile section */

/* Begin PBXContainerItemProxy section */
		3142B875337C0076A224235A /* PBXContainerItemProxy */ = {
			isa = PBXContainerItemProxy;
			containerPortal = D9730717F1915D67974793F2 /* Project object */;
			proxyType = 1;
			remoteGlobalIDString = 18F1FCAF6314C0D8F09095EB;
			remoteInfo = Spellbook;
		};
/* End PBXContainerItemProxy section */

/* Begin PBXFileReference section */
		1E21168E581B2C4D83680E43 /* SpellbookUITests.xctest */ = {isa = PBXFileReference; explicitFileType = wrapper.cfbundle; includeInIndex = 0; path = SpellbookUITests.xctest; sourceTree = BUILT_PRODUCTS_DIR; };
		56ECFE9AB21E46C92D44C6C0 /* SpellbookUITests.swift */ = {isa = PBXFileReference; lastKnownFileType = sourcecode.swift; path = SpellbookUITests.swift; sourceTree = "<group>"; };
		6EE6F027DD09848C89D79069 /* Spellbook.app */ = {isa = PBXFileReference; explicitFileType = wrapper.application; includeInIndex = 0; path = Spellbook.app; sourceTree = BUILT_PRODUCTS_DIR; };
		E504A26C7F559DD3CA985DA9 /* SpellbookKit */ = {isa = PBXFileReference; lastKnownFileType = folder; name = SpellbookKit; path = Packages/SpellbookKit; sourceTree = SOURCE_ROOT; };
		EB3B095F60D4A249B7938EA6 /* SpellbookApp.swift */ = {isa = PBXFileReference; lastKnownFileType = sourcecode.swift; path = SpellbookApp.swift; sourceTree = "<group>"; };
/* End PBXFileReference section */

/* Begin PBXFrameworksBuildPhase section */
		A83EADEF443D708BE015A4FC /* Frameworks */ = {
			isa = PBXFrameworksBuildPhase;
			buildActionMask = 2147483647;
			files = (
				36E7D8ED0E710A11B73BB23D /* SpellbookCore in Frameworks */,
				D2DEFEB9F610A8EAF5E0E5B3 /* SpellbookMarkdown in Frameworks */,
				367BD16667E5EC52444760FC /* SpellbookInfrastructure in Frameworks */,
				60D80BE10C6D22FA28042432 /* SpellbookUI in Frameworks */,
			);
			runOnlyForDeploymentPostprocessing = 0;
		};
/* End PBXFrameworksBuildPhase section */

/* Begin PBXGroup section */
		1A65134A08DCF1C93DDF36EC /* Products */ = {
			isa = PBXGroup;
			children = (
				6EE6F027DD09848C89D79069 /* Spellbook.app */,
				1E21168E581B2C4D83680E43 /* SpellbookUITests.xctest */,
			);
			name = Products;
			sourceTree = "<group>";
		};
		1B0452A99561905EC953657D /* Packages */ = {
			isa = PBXGroup;
			children = (
				E504A26C7F559DD3CA985DA9 /* SpellbookKit */,
			);
			path = Packages;
			sourceTree = "<group>";
		};
		740AE55AAE426BB6DEEFDA44 /* App */ = {
			isa = PBXGroup;
			children = (
				E9536D8854A70AB4AAF1D36A /* SpellbookApp */,
				E1DC11F03C5B3A9BDAD72D80 /* SpellbookUITests */,
			);
			path = App;
			sourceTree = "<group>";
		};
		CA9D5AAC02649F985B441B65 = {
			isa = PBXGroup;
			children = (
				740AE55AAE426BB6DEEFDA44 /* App */,
				1B0452A99561905EC953657D /* Packages */,
				1A65134A08DCF1C93DDF36EC /* Products */,
			);
			sourceTree = "<group>";
		};
		E1DC11F03C5B3A9BDAD72D80 /* SpellbookUITests */ = {
			isa = PBXGroup;
			children = (
				56ECFE9AB21E46C92D44C6C0 /* SpellbookUITests.swift */,
			);
			path = SpellbookUITests;
			sourceTree = "<group>";
		};
		E9536D8854A70AB4AAF1D36A /* SpellbookApp */ = {
			isa = PBXGroup;
			children = (
				EB3B095F60D4A249B7938EA6 /* SpellbookApp.swift */,
			);
			path = SpellbookApp;
			sourceTree = "<group>";
		};
/* End PBXGroup section */

/* Begin PBXNativeTarget section */
		18F1FCAF6314C0D8F09095EB /* Spellbook */ = {
			isa = PBXNativeTarget;
			buildConfigurationList = 3BA7446B18FAAF8F8A56CE5D /* Build configuration list for PBXNativeTarget "Spellbook" */;
			buildPhases = (
				03DBFB28279E9B64F49B8880 /* Sources */,
				A83EADEF443D708BE015A4FC /* Frameworks */,
			);
			buildRules = (
			);
			dependencies = (
			);
			name = Spellbook;
			packageProductDependencies = (
				A80700AB6107439FD1E9FC49 /* SpellbookCore */,
				55B22ED3AE26FF59DD11B70D /* SpellbookMarkdown */,
				7F781C2D58D4C988231D2357 /* SpellbookInfrastructure */,
				0E518942315B7035C1407BD2 /* SpellbookUI */,
			);
			productName = Spellbook;
			productReference = 6EE6F027DD09848C89D79069 /* Spellbook.app */;
			productType = "com.apple.product-type.application";
		};
		74A7508FD9AB97A2E2ABA7BC /* SpellbookUITests */ = {
			isa = PBXNativeTarget;
			buildConfigurationList = A11E0932A39DF080AF63AEE1 /* Build configuration list for PBXNativeTarget "SpellbookUITests" */;
			buildPhases = (
				AA63F7D9F8DFB9E9315973FC /* Sources */,
			);
			buildRules = (
			);
			dependencies = (
				A6C64B061906DAE4C4DFA432 /* PBXTargetDependency */,
			);
			name = SpellbookUITests;
			packageProductDependencies = (
			);
			productName = SpellbookUITests;
			productReference = 1E21168E581B2C4D83680E43 /* SpellbookUITests.xctest */;
			productType = "com.apple.product-type.bundle.ui-testing";
		};
/* End PBXNativeTarget section */

/* Begin PBXProject section */
		D9730717F1915D67974793F2 /* Project object */ = {
			isa = PBXProject;
			attributes = {
				BuildIndependentTargetsInParallel = YES;
				LastUpgradeCheck = 1430;
				TargetAttributes = {
					18F1FCAF6314C0D8F09095EB = {
						ProvisioningStyle = Automatic;
					};
					74A7508FD9AB97A2E2ABA7BC = {
						TestTargetID = 18F1FCAF6314C0D8F09095EB;
					};
				};
			};
			buildConfigurationList = FC99447F78E5CF27BDAB1230 /* Build configuration list for PBXProject "Spellbook" */;
			developmentRegion = en;
			hasScannedForEncodings = 0;
			knownRegions = (
				Base,
				en,
			);
			mainGroup = CA9D5AAC02649F985B441B65;
			minimizedProjectReferenceProxies = 1;
			packageReferences = (
				B6611B89037ACE72C4C274C7 /* XCLocalSwiftPackageReference "Packages/SpellbookKit" */,
			);
			preferredProjectObjectVersion = 77;
			productRefGroup = 1A65134A08DCF1C93DDF36EC /* Products */;
			projectDirPath = "";
			projectRoot = "";
			targets = (
				18F1FCAF6314C0D8F09095EB /* Spellbook */,
				74A7508FD9AB97A2E2ABA7BC /* SpellbookUITests */,
			);
		};
/* End PBXProject section */

/* Begin PBXSourcesBuildPhase section */
		03DBFB28279E9B64F49B8880 /* Sources */ = {
			isa = PBXSourcesBuildPhase;
			buildActionMask = 2147483647;
			files = (
				5FB9F42D103BD83F91934C39 /* SpellbookApp.swift in Sources */,
			);
			runOnlyForDeploymentPostprocessing = 0;
		};
		AA63F7D9F8DFB9E9315973FC /* Sources */ = {
			isa = PBXSourcesBuildPhase;
			buildActionMask = 2147483647;
			files = (
				0E1905DA109C5B1D8BAE428D /* SpellbookUITests.swift in Sources */,
			);
			runOnlyForDeploymentPostprocessing = 0;
		};
/* End PBXSourcesBuildPhase section */

/* Begin PBXTargetDependency section */
		A6C64B061906DAE4C4DFA432 /* PBXTargetDependency */ = {
			isa = PBXTargetDependency;
			target = 18F1FCAF6314C0D8F09095EB /* Spellbook */;
			targetProxy = 3142B875337C0076A224235A /* PBXContainerItemProxy */;
		};
/* End PBXTargetDependency section */

/* Begin XCBuildConfiguration section */
		04A29F4CD20F00FFE72A3549 /* Debug */ = {
			isa = XCBuildConfiguration;
			buildSettings = {
				ALWAYS_SEARCH_USER_PATHS = NO;
				CLANG_ANALYZER_NONNULL = YES;
				CLANG_ANALYZER_NUMBER_OBJECT_CONVERSION = YES_AGGRESSIVE;
				CLANG_CXX_LANGUAGE_STANDARD = "gnu++14";
				CLANG_CXX_LIBRARY = "libc++";
				CLANG_ENABLE_MODULES = YES;
				CLANG_ENABLE_OBJC_ARC = YES;
				CLANG_ENABLE_OBJC_WEAK = YES;
				CLANG_WARN_BLOCK_CAPTURE_AUTORELEASING = YES;
				CLANG_WARN_BOOL_CONVERSION = YES;
				CLANG_WARN_COMMA = YES;
				CLANG_WARN_CONSTANT_CONVERSION = YES;
				CLANG_WARN_DEPRECATED_OBJC_IMPLEMENTATIONS = YES;
				CLANG_WARN_DIRECT_OBJC_ISA_USAGE = YES_ERROR;
				CLANG_WARN_DOCUMENTATION_COMMENTS = YES;
				CLANG_WARN_EMPTY_BODY = YES;
				CLANG_WARN_ENUM_CONVERSION = YES;
				CLANG_WARN_INFINITE_RECURSION = YES;
				CLANG_WARN_INT_CONVERSION = YES;
				CLANG_WARN_NON_LITERAL_NULL_CONVERSION = YES;
				CLANG_WARN_OBJC_IMPLICIT_RETAIN_SELF = YES;
				CLANG_WARN_OBJC_LITERAL_CONVERSION = YES;
				CLANG_WARN_OBJC_ROOT_CLASS = YES_ERROR;
				CLANG_WARN_QUOTED_INCLUDE_IN_FRAMEWORK_HEADER = YES;
				CLANG_WARN_RANGE_LOOP_ANALYSIS = YES;
				CLANG_WARN_STRICT_PROTOTYPES = YES;
				CLANG_WARN_SUSPICIOUS_MOVE = YES;
				CLANG_WARN_UNGUARDED_AVAILABILITY = YES_AGGRESSIVE;
				CLANG_WARN_UNREACHABLE_CODE = YES;
				CLANG_WARN__DUPLICATE_METHOD_MATCH = YES;
				COPY_PHASE_STRIP = NO;
				DEBUG_INFORMATION_FORMAT = dwarf;
				ENABLE_HARDENED_RUNTIME = YES;
				ENABLE_STRICT_OBJC_MSGSEND = YES;
				ENABLE_TESTABILITY = YES;
				GCC_C_LANGUAGE_STANDARD = gnu11;
				GCC_DYNAMIC_NO_PIC = NO;
				GCC_NO_COMMON_BLOCKS = YES;
				GCC_OPTIMIZATION_LEVEL = 0;
				GCC_PREPROCESSOR_DEFINITIONS = (
					"$(inherited)",
					"DEBUG=1",
				);
				GCC_WARN_64_TO_32_BIT_CONVERSION = YES;
				GCC_WARN_ABOUT_RETURN_TYPE = YES_ERROR;
				GCC_WARN_UNDECLARED_SELECTOR = YES;
				GCC_WARN_UNINITIALIZED_AUTOS = YES_AGGRESSIVE;
				GCC_WARN_UNUSED_FUNCTION = YES;
				GCC_WARN_UNUSED_VARIABLE = YES;
				MACOSX_DEPLOYMENT_TARGET = 14.0;
				MTL_ENABLE_DEBUG_INFO = INCLUDE_SOURCE;
				MTL_FAST_MATH = YES;
				ONLY_ACTIVE_ARCH = YES;
				PRODUCT_NAME = "$(TARGET_NAME)";
				SDKROOT = macosx;
				SWIFT_ACTIVE_COMPILATION_CONDITIONS = DEBUG;
				SWIFT_OPTIMIZATION_LEVEL = "-Onone";
				SWIFT_STRICT_CONCURRENCY = complete;
				SWIFT_VERSION = 6.0;
			};
			name = Debug;
		};
		07D3994432D5EA2FDDEBF9DB /* Release */ = {
			isa = XCBuildConfiguration;
			buildSettings = {
				BUNDLE_LOADER = "$(TEST_HOST)";
				COMBINE_HIDPI_IMAGES = YES;
				ENABLE_HARDENED_RUNTIME = NO;
				GENERATE_INFOPLIST_FILE = YES;
				LD_RUNPATH_SEARCH_PATHS = (
					"$(inherited)",
					"@executable_path/Frameworks",
					"@loader_path/Frameworks",
				);
				PRODUCT_BUNDLE_IDENTIFIER = com.keding.SpellbookUITests;
				SDKROOT = macosx;
				TEST_TARGET_NAME = Spellbook;
			};
			name = Release;
		};
		1C3ADF2C5229D43C4CE827A2 /* Release */ = {
			isa = XCBuildConfiguration;
			buildSettings = {
				ALWAYS_SEARCH_USER_PATHS = NO;
				CLANG_ANALYZER_NONNULL = YES;
				CLANG_ANALYZER_NUMBER_OBJECT_CONVERSION = YES_AGGRESSIVE;
				CLANG_CXX_LANGUAGE_STANDARD = "gnu++14";
				CLANG_CXX_LIBRARY = "libc++";
				CLANG_ENABLE_MODULES = YES;
				CLANG_ENABLE_OBJC_ARC = YES;
				CLANG_ENABLE_OBJC_WEAK = YES;
				CLANG_WARN_BLOCK_CAPTURE_AUTORELEASING = YES;
				CLANG_WARN_BOOL_CONVERSION = YES;
				CLANG_WARN_COMMA = YES;
				CLANG_WARN_CONSTANT_CONVERSION = YES;
				CLANG_WARN_DEPRECATED_OBJC_IMPLEMENTATIONS = YES;
				CLANG_WARN_DIRECT_OBJC_ISA_USAGE = YES_ERROR;
				CLANG_WARN_DOCUMENTATION_COMMENTS = YES;
				CLANG_WARN_EMPTY_BODY = YES;
				CLANG_WARN_ENUM_CONVERSION = YES;
				CLANG_WARN_INFINITE_RECURSION = YES;
				CLANG_WARN_INT_CONVERSION = YES;
				CLANG_WARN_NON_LITERAL_NULL_CONVERSION = YES;
				CLANG_WARN_OBJC_IMPLICIT_RETAIN_SELF = YES;
				CLANG_WARN_OBJC_LITERAL_CONVERSION = YES;
				CLANG_WARN_OBJC_ROOT_CLASS = YES_ERROR;
				CLANG_WARN_QUOTED_INCLUDE_IN_FRAMEWORK_HEADER = YES;
				CLANG_WARN_RANGE_LOOP_ANALYSIS = YES;
				CLANG_WARN_STRICT_PROTOTYPES = YES;
				CLANG_WARN_SUSPICIOUS_MOVE = YES;
				CLANG_WARN_UNGUARDED_AVAILABILITY = YES_AGGRESSIVE;
				CLANG_WARN_UNREACHABLE_CODE = YES;
				CLANG_WARN__DUPLICATE_METHOD_MATCH = YES;
				COPY_PHASE_STRIP = NO;
				DEBUG_INFORMATION_FORMAT = "dwarf-with-dsym";
				ENABLE_HARDENED_RUNTIME = YES;
				ENABLE_NS_ASSERTIONS = NO;
				ENABLE_STRICT_OBJC_MSGSEND = YES;
				GCC_C_LANGUAGE_STANDARD = gnu11;
				GCC_NO_COMMON_BLOCKS = YES;
				GCC_WARN_64_TO_32_BIT_CONVERSION = YES;
				GCC_WARN_ABOUT_RETURN_TYPE = YES_ERROR;
				GCC_WARN_UNDECLARED_SELECTOR = YES;
				GCC_WARN_UNINITIALIZED_AUTOS = YES_AGGRESSIVE;
				GCC_WARN_UNUSED_FUNCTION = YES;
				GCC_WARN_UNUSED_VARIABLE = YES;
				MACOSX_DEPLOYMENT_TARGET = 14.0;
				MTL_ENABLE_DEBUG_INFO = NO;
				MTL_FAST_MATH = YES;
				PRODUCT_NAME = "$(TARGET_NAME)";
				SDKROOT = macosx;
				SWIFT_COMPILATION_MODE = wholemodule;
				SWIFT_OPTIMIZATION_LEVEL = "-O";
				SWIFT_STRICT_CONCURRENCY = complete;
				SWIFT_VERSION = 6.0;
			};
			name = Release;
		};
		1EDA4ECA4FC3A6109A6DF38F /* Debug */ = {
			isa = XCBuildConfiguration;
			buildSettings = {
				ASSETCATALOG_COMPILER_APPICON_NAME = AppIcon;
				ASSETCATALOG_COMPILER_GENERATE_SWIFT_ASSET_SYMBOL_EXTENSIONS = YES;
				CODE_SIGN_STYLE = Automatic;
				COMBINE_HIDPI_IMAGES = YES;
				CURRENT_PROJECT_VERSION = 1;
				GENERATE_INFOPLIST_FILE = YES;
				INFOPLIST_KEY_CFBundleDisplayName = Spellbook;
				INFOPLIST_KEY_LSApplicationCategoryType = "public.app-category.developer-tools";
				INFOPLIST_KEY_NSHumanReadableCopyright = "Copyright © 2026 Ke Ding";
				LD_RUNPATH_SEARCH_PATHS = (
					"$(inherited)",
					"@executable_path/../Frameworks",
				);
				MARKETING_VERSION = 0.1.0;
				PRODUCT_BUNDLE_IDENTIFIER = com.keding.Spellbook;
				PRODUCT_NAME = Spellbook;
				SDKROOT = macosx;
			};
			name = Debug;
		};
		3D6CFDFA4C2FAB77E528D044 /* Debug */ = {
			isa = XCBuildConfiguration;
			buildSettings = {
				BUNDLE_LOADER = "$(TEST_HOST)";
				COMBINE_HIDPI_IMAGES = YES;
				ENABLE_HARDENED_RUNTIME = NO;
				GENERATE_INFOPLIST_FILE = YES;
				LD_RUNPATH_SEARCH_PATHS = (
					"$(inherited)",
					"@executable_path/Frameworks",
					"@loader_path/Frameworks",
				);
				PRODUCT_BUNDLE_IDENTIFIER = com.keding.SpellbookUITests;
				SDKROOT = macosx;
				TEST_TARGET_NAME = Spellbook;
			};
			name = Debug;
		};
		E24CA5321CFCEFAD37525820 /* Release */ = {
			isa = XCBuildConfiguration;
			buildSettings = {
				ASSETCATALOG_COMPILER_APPICON_NAME = AppIcon;
				ASSETCATALOG_COMPILER_GENERATE_SWIFT_ASSET_SYMBOL_EXTENSIONS = YES;
				CODE_SIGN_STYLE = Automatic;
				COMBINE_HIDPI_IMAGES = YES;
				CURRENT_PROJECT_VERSION = 1;
				GENERATE_INFOPLIST_FILE = YES;
				INFOPLIST_KEY_CFBundleDisplayName = Spellbook;
				INFOPLIST_KEY_LSApplicationCategoryType = "public.app-category.developer-tools";
				INFOPLIST_KEY_NSHumanReadableCopyright = "Copyright © 2026 Ke Ding";
				LD_RUNPATH_SEARCH_PATHS = (
					"$(inherited)",
					"@executable_path/../Frameworks",
				);
				MARKETING_VERSION = 0.1.0;
				PRODUCT_BUNDLE_IDENTIFIER = com.keding.Spellbook;
				PRODUCT_NAME = Spellbook;
				SDKROOT = macosx;
			};
			name = Release;
		};
/* End XCBuildConfiguration section */

/* Begin XCConfigurationList section */
		3BA7446B18FAAF8F8A56CE5D /* Build configuration list for PBXNativeTarget "Spellbook" */ = {
			isa = XCConfigurationList;
			buildConfigurations = (
				1EDA4ECA4FC3A6109A6DF38F /* Debug */,
				E24CA5321CFCEFAD37525820 /* Release */,
			);
			defaultConfigurationIsVisible = 0;
			defaultConfigurationName = Debug;
		};
		A11E0932A39DF080AF63AEE1 /* Build configuration list for PBXNativeTarget "SpellbookUITests" */ = {
			isa = XCConfigurationList;
			buildConfigurations = (
				3D6CFDFA4C2FAB77E528D044 /* Debug */,
				07D3994432D5EA2FDDEBF9DB /* Release */,
			);
			defaultConfigurationIsVisible = 0;
			defaultConfigurationName = Debug;
		};
		FC99447F78E5CF27BDAB1230 /* Build configuration list for PBXProject "Spellbook" */ = {
			isa = XCConfigurationList;
			buildConfigurations = (
				04A29F4CD20F00FFE72A3549 /* Debug */,
				1C3ADF2C5229D43C4CE827A2 /* Release */,
			);
			defaultConfigurationIsVisible = 0;
			defaultConfigurationName = Debug;
		};
/* End XCConfigurationList section */

/* Begin XCLocalSwiftPackageReference section */
		B6611B89037ACE72C4C274C7 /* XCLocalSwiftPackageReference "Packages/SpellbookKit" */ = {
			isa = XCLocalSwiftPackageReference;
			relativePath = Packages/SpellbookKit;
		};
/* End XCLocalSwiftPackageReference section */

/* Begin XCSwiftPackageProductDependency section */
		0E518942315B7035C1407BD2 /* SpellbookUI */ = {
			isa = XCSwiftPackageProductDependency;
			productName = SpellbookUI;
		};
		55B22ED3AE26FF59DD11B70D /* SpellbookMarkdown */ = {
			isa = XCSwiftPackageProductDependency;
			productName = SpellbookMarkdown;
		};
		7F781C2D58D4C988231D2357 /* SpellbookInfrastructure */ = {
			isa = XCSwiftPackageProductDependency;
			productName = SpellbookInfrastructure;
		};
		A80700AB6107439FD1E9FC49 /* SpellbookCore */ = {
			isa = XCSwiftPackageProductDependency;
			productName = SpellbookCore;
		};
/* End XCSwiftPackageProductDependency section */
	};
	rootObject = D9730717F1915D67974793F2 /* Project object */;
}
